
Microsoft Visual Studio Solution File, Format Version 12.00
Project("{FAE04EC0-301F-11D3-BF4B-00C04F79EFBC}") = "TestNpgSql", "TestNpgSql\TestNpgSql.csproj", "{5A895F50-D005-4ECB-AC52-2180742A7C84}"
EndProject
Global
	GlobalSection(SolutionConfigurationPlatforms) = preSolution
		Debug|Any CPU = Debug|Any CPU
		Release|Any CPU = Release|Any CPU
	EndGlobalSection
	GlobalSection(ProjectConfigurationPlatforms) = postSolution
		{5A895F50-D005-4ECB-AC52-2180742A7C84}.Debug|Any CPU.ActiveCfg = Debug|Any CPU
		{5A895F50-D005-4ECB-AC52-2180742A7C84}.Debug|Any CPU.Build.0 = Debug|Any CPU
		{5A895F50-D005-4ECB-AC52-2180742A7C84}.Release|Any CPU.ActiveCfg = Release|Any CPU
		{5A895F50-D005-4ECB-AC52-2180742A7C84}.Release|Any CPU.Build.0 = Release|Any CPU
	EndGlobalSection
EndGlobal
